
Microsoft Visual Studio Solution File, Format Version 12.00
# Visual Studio Version 17
VisualStudioVersion = 17.8.34525.116
MinimumVisualStudioVersion = 10.0.40219.1
Project("{8BC9CEB8-8B4A-11D0-8D11-00A0C91BC942}") = "NNMSVC", "NNMSVC\NNMSVC.vcxproj", "{9B6B56E9-792D-4954-8227-324DC322E921}"
EndProject
Project("{8BC9CEB8-8B4A-11D0-8D11-00A0C91BC942}") = "NNCuda", "NNCuda\NNCuda.vcxproj", "{A1BBE5DD-CACC-4E0D-A925-2AE1327FD60C}"
EndProject
Global
	GlobalSection(SolutionConfigurationPlatforms) = preSolution
		Debug|x64 = Debug|x64
		Debug|x86 = Debug|x86
		Release|x64 = Release|x64
		Release|x86 = Release|x86
	EndGlobalSection
	GlobalSection(ProjectConfigurationPlatforms) = postSolution
		{9B6B56E9-792D-4954-8227-324DC322E921}.Debug|x64.ActiveCfg = Debug|x64
		{9B6B56E9-792D-4954-8227-324DC322E921}.Debug|x64.Build.0 = Debug|x64
		{9B6B56E9-792D-4954-8227-324DC322E921}.Debug|x86.ActiveCfg = Debug|Win32
		{9B6B56E9-792D-4954-8227-324DC322E921}.Debug|x86.Build.0 = Debug|Win32
		{9B6B56E9-792D-4954-8227-324DC322E921}.Release|x64.ActiveCfg = Release|x64
		{9B6B56E9-792D-4954-8227-324DC322E921}.Release|x64.Build.0 = Release|x64
		{9B6B56E9-792D-4954-8227-324DC322E921}.Release|x86.ActiveCfg = Release|Win32
		{9B6B56E9-792D-4954-8227-324DC322E921}.Release|x86.Build.0 = Release|Win32
		{A1BBE5DD-CACC-4E0D-A925-2AE1327FD60C}.Debug|x64.ActiveCfg = Debug|x64
		{A1BBE5DD-CACC-4E0D-A925-2AE1327FD60C}.Debug|x64.Build.0 = Debug|x64
		{A1BBE5DD-CACC-4E0D-A925-2AE1327FD60C}.Debug|x86.ActiveCfg = Debug|x64
		{A1BBE5DD-CACC-4E0D-A925-2AE1327FD60C}.Debug|x86.Build.0 = Debug|x64
		{A1BBE5DD-CACC-4E0D-A925-2AE1327FD60C}.Release|x64.ActiveCfg = Release|x64
		{A1BBE5DD-CACC-4E0D-A925-2AE1327FD60C}.Release|x64.Build.0 = Release|x64
		{A1BBE5DD-CACC-4E0D-A925-2AE1327FD60C}.Release|x86.ActiveCfg = Release|x64
		{A1BBE5DD-CACC-4E0D-A925-2AE1327FD60C}.Release|x86.Build.0 = Release|x64
	EndGlobalSection
	GlobalSection(SolutionProperties) = preSolution
		HideSolutionNode = FALSE
	EndGlobalSection
	GlobalSection(ExtensibilityGlobals) = postSolution
		SolutionGuid = {CA41ECDE-06DB-486A-B991-51398489906E}
	EndGlobalSection
EndGlobal
